// !$*UTF8*$!
{
	archiveVersion = 1;
	classes = {
	};
	objectVersion = 50;
	objects = {

/* Begin PBXBuildFile section */
		71957FEB21E60446007B33B0 /* AppDelegate.swift in Sources */ = {isa = PBXBuildFile; fileRef = 71957FEA21E60446007B33B0 /* AppDelegate.swift */; };
		71957FED21E60446007B33B0 /* ViewController.swift in Sources */ = {isa = PBXBuildFile; fileRef = 71957FEC21E60446007B33B0 /* ViewController.swift */; };
		71957FF021E60446007B33B0 /* Main.storyboard in Resources */ = {isa = PBXBuildFile; fileRef = 71957FEE21E60446007B33B0 /* Main.storyboard */; };
		71957FF321E60446007B33B0 /* Prepopulate.xcdatamodeld in Sources */ = {isa = PBXBuildFile; fileRef = 71957FF121E60446007B33B0 /* Prepopulate.xcdatamodeld */; };
		71957FF521E60447007B33B0 /* Assets.xcassets in Resources */ = {isa = PBXBuildFile; fileRef = 71957FF421E60447007B33B0 /* Assets.xcassets */; };
		71957FF821E60447007B33B0 /* LaunchScreen.storyboard in Resources */ = {isa = PBXBuildFile; fileRef = 71957FF621E60447007B33B0 /* LaunchScreen.storyboard */; };
/* End PBXBuildFile section */

/* Begin PBXFileReference section */
		71957FE721E60446007B33B0 /* Prepopulate.app */ = {isa = PBXFileReference; explicitFileType = wrapper.application; includeInIndex = 0; path = Prepopulate.app; sourceTree = BUILT_PRODUCTS_DIR; };
		71957FEA21E60446007B33B0 /* AppDelegate.swift */ = {isa = PBXFileReference; lastKnownFileType = sourcecode.swift; path = AppDelegate.swift; sourceTree = "<group>"; };
		71957FEC21E60446007B33B0 /* ViewController.swift */ = {isa = PBXFileReference; lastKnownFileType = sourcecode.swift; path = ViewController.swift; sourceTree = "<group>"; };
		71957FEF21E60446007B33B0 /* Base */ = {isa = PBXFileReference; lastKnownFileType = file.storyboard; name = Base; path = Base.lproj/Main.storyboard; sourceTree = "<group>"; };
		71957FF221E60446007B33B0 /* Prepopulate.xcdatamodel */ = {isa = PBXFileReference; lastKnownFileType = wrapper.xcdatamodel; path = Prepopulate.xcdatamodel; sourceTree = "<group>"; };
		71957FF421E60447007B33B0 /* Assets.xcassets */ = {isa = PBXFileReference; lastKnownFileType = folder.assetcatalog; path = Assets.xcassets; sourceTree = "<group>"; };
		71957FF721E60447007B33B0 /* Base */ = {isa = PBXFileReference; lastKnownFileType = file.storyboard; name = Base; path = Base.lproj/LaunchScreen.storyboard; sourceTree = "<group>"; };
		71957FF921E60447007B33B0 /* Info.plist */ = {isa = PBXFileReference; lastKnownFileType = text.plist.xml; path = Info.plist; sourceTree = "<group>"; };
/* End PBXFileReference section */

/* Begin PBXFrameworksBuildPhase section */
		71957FE421E60446007B33B0 /* Frameworks */ = {
			isa = PBXFrameworksBuildPhase;
			buildActionMask = 2147483647;
			files = (
			);
			runOnlyForDeploymentPostprocessing = 0;
		};
/* End PBXFrameworksBuildPhase section */

/* Begin PBXGroup section */
		71957FDE21E60446007B33B0 = {
			isa = PBXGroup;
			children = (
				71957FE921E60446007B33B0 /* Prepopulate */,
				71957FE821E60446007B33B0 /* Products */,
			);
			sourceTree = "<group>";
		};
		71957FE821E60446007B33B0 /* Products */ = {
			isa = PBXGroup;
			children = (
				71957FE721E60446007B33B0 /* Prepopulate.app */,
			);
			name = Products;
			sourceTree = "<group>";
		};
		71957FE921E60446007B33B0 /* Prepopulate */ = {
			isa = PBXGroup;
			children = (
				71957FEA21E60446007B33B0 /* AppDelegate.swift */,
				71957FEC21E60446007B33B0 /* ViewController.swift */,
				71957FEE21E60446007B33B0 /* Main.storyboard */,
				71957FF421E60447007B33B0 /* Assets.xcassets */,
				71957FF621E60447007B33B0 /* LaunchScreen.storyboard */,
				71957FF921E60447007B33B0 /* Info.plist */,
				71957FF121E60446007B33B0 /* Prepopulate.xcdatamodeld */,
			);
			path = Prepopulate;
			sourceTree = "<group>";
		};
/* End PBXGroup section */

/* Begin PBXNativeTarget section */
		71957FE621E60446007B33B0 /* Prepopulate */ = {
			isa = PBXNativeTarget;
			buildConfigurationList = 71957FFC21E60447007B33B0 /* Build configuration list for PBXNativeTarget "Prepopulate" */;
			buildPhases = (
				71957FE321E60446007B33B0 /* Sources */,
				71957FE421E60446007B33B0 /* Frameworks */,
				71957FE521E60446007B33B0 /* Resources */,
			);
			buildRules = (
			);
			dependencies = (
			);
			name = Prepopulate;
			productName = Prepopulate;
			productReference = 71957FE721E60446007B33B0 /* Prepopulate.app */;
			productType = "com.apple.product-type.application";
		};
/* End PBXNativeTarget section */

/* Begin PBXProject section */
		71957FDF21E60446007B33B0 /* Project object */ = {
			isa = PBXProject;
			attributes = {
				LastSwiftUpdateCheck = 1010;
				LastUpgradeCheck = 1010;
				ORGANIZATIONNAME = fluffy;
				TargetAttributes = {
					71957FE621E60446007B33B0 = {
						CreatedOnToolsVersion = 10.1;
					};
				};
			};
			buildConfigurationList = 71957FE221E60446007B33B0 /* Build configuration list for PBXProject "Prepopulate" */;
			compatibilityVersion = "Xcode 9.3";
			developmentRegion = en;
			hasScannedForEncodings = 0;
			knownRegions = (
				en,
				Base,
			);
			mainGroup = 71957FDE21E60446007B33B0;
			productRefGroup = 71957FE821E60446007B33B0 /* Products */;
			projectDirPath = "";
			projectRoot = "";
			targets = (
				71957FE621E60446007B33B0 /* Prepopulate */,
			);
		};
/* End PBXProject section */

/* Begin PBXResourcesBuildPhase section */
		71957FE521E60446007B33B0 /* Resources */ = {
			isa = PBXResourcesBuildPhase;
			buildActionMask = 2147483647;
			files = (
				71957FF821E60447007B33B0 /* LaunchScreen.storyboard in Resources */,
				71957FF521E60447007B33B0 /* Assets.xcassets in Resources */,
				71957FF021E60446007B33B0 /* Main.storyboard in Resources */,
			);
			runOnlyForDeploymentPostprocessing = 0;
		};
/* End PBXResourcesBuildPhase section */

/* Begin PBXSourcesBuildPhase section */
		71957FE321E60446007B33B0 /* Sources */ = {
			isa = PBXSourcesBuildPhase;
			buildActionMask = 2147483647;
			files = (
				71957FED21E60446007B33B0 /* ViewController.swift in Sources */,
				71957FF321E60446007B33B0 /* Prepopulate.xcdatamodeld in Sources */,
				71957FEB21E60446007B33B0 /* AppDelegate.swift in Sources */,
			);
			runOnlyForDeploymentPostprocessing = 0;
		};
/* End PBXSourcesBuildPhase section */

/* Begin PBXVariantGroup section */
		71957FEE21E60446007B33B0 /* Main.storyboard */ = {
			isa = PBXVariantGroup;
			children = (
				71957FEF21E60446007B33B0 /* Base */,
			);
			name = Main.storyboard;
			sourceTree = "<group>";
		};
		71957FF621E60447007B33B0 /* LaunchScreen.storyboard */ = {
			isa = PBXVariantGroup;
			children = (
				71957FF721E60447007B33B0 /* Base */,
			);
			name = LaunchScreen.storyboard;
			sourceTree = "<group>";
		};
/* End PBXVariantGroup section */

/* Begin XCBuildConfiguration section */
		71957FFA21E60447007B33B0 /* Debug */ = {
			isa = XCBuildConfiguration;
			buildSettings = {
				ALWAYS_SEARCH_USER_PATHS = NO;
				CLANG_ANALYZER_NONNULL = YES;
				CLANG_ANALYZER_NUMBER_OBJECT_CONVERSION = YES_AGGRESSIVE;
				CLANG_CXX_LANGUAGE_STANDARD = "gnu++14";
				CLANG_CXX_LIBRARY = "libc++";
				CLANG_ENABLE_MODULES = YES;
				CLANG_ENABLE_OBJC_ARC = YES;
				CLANG_ENABLE_OBJC_WEAK = YES;
				CLANG_WARN_BLOCK_CAPTURE_AUTORELEASING = YES;
				CLANG_WARN_BOOL_CONVERSION = YES;
				CLANG_WARN_COMMA = YES;
				CLANG_WARN_CONSTANT_CONVERSION = YES;
				CLANG_WARN_DEPRECATED_OBJC_IMPLEMENTATIONS = YES;
				CLANG_WARN_DIRECT_OBJC_ISA_USAGE = YES_ERROR;
				CLANG_WARN_DOCUMENTATION_COMMENTS = YES;
				CLANG_WARN_EMPTY_BODY = YES;
				CLANG_WARN_ENUM_CONVERSION = YES;
				CLANG_WARN_INFINITE_RECURSION = YES;
				CLANG_WARN_INT_CONVERSION = YES;
				CLANG_WARN_NON_LITERAL_NULL_CONVERSION = YES;
				CLANG_WARN_OBJC_IMPLICIT_RETAIN_SELF = YES;
				CLANG_WARN_OBJC_LITERAL_CONVERSION = YES;
				CLANG_WARN_OBJC_ROOT_CLASS = YES_ERROR;
				CLANG_WARN_RANGE_LOOP_ANALYSIS = YES;
				CLANG_WARN_STRICT_PROTOTYPES = YES;
				CLANG_WARN_SUSPICIOUS_MOVE = YES;
				CLANG_WARN_UNGUARDED_AVAILABILITY = YES_AGGRESSIVE;
				CLANG_WARN_UNREACHABLE_CODE = YES;
				CLANG_WARN__DUPLICATE_METHOD_MATCH = YES;
				CODE_SIGN_IDENTITY = "iPhone Developer";
				COPY_PHASE_STRIP = NO;
				DEBUG_INFORMATION_FORMAT = dwarf;
				ENABLE_STRICT_OBJC_MSGSEND = YES;
				ENABLE_TESTABILITY = YES;
				GCC_C_LANGUAGE_STANDARD = gnu11;
				GCC_DYNAMIC_NO_PIC = NO;
				GCC_NO_COMMON_BLOCKS = YES;
				GCC_OPTIMIZATION_LEVEL = 0;
				GCC_PREPROCESSOR_DEFINITIONS = (
					"DEBUG=1",
					"$(inherited)",
				);
				GCC_WARN_64_TO_32_BIT_CONVERSION = YES;
				GCC_WARN_ABOUT_RETURN_TYPE = YES_ERROR;
				GCC_WARN_UNDECLARED_SELECTOR = YES;
				GCC_WARN_UNINITIALIZED_AUTOS = YES_AGGRESSIVE;
				GCC_WARN_UNUSED_FUNCTION = YES;
				GCC_WARN_UNUSED_VARIABLE = YES;
				IPHONEOS_DEPLOYMENT_TARGET = 12.1;
				MTL_ENABLE_DEBUG_INFO = INCLUDE_SOURCE;
				MTL_FAST_MATH = YES;
				ONLY_ACTIVE_ARCH = YES;
				SDKROOT = iphoneos;
				SWIFT_ACTIVE_COMPILATION_CONDITIONS = DEBUG;
				SWIFT_OPTIMIZATION_LEVEL = "-Onone";
			};
			name = Debug;
		};
		71957FFB21E60447007B33B0 /* Release */ = {
			isa = XCBuildConfiguration;
			buildSettings = {
				ALWAYS_SEARCH_USER_PATHS = NO;
				CLANG_ANALYZER_NONNULL = YES;
				CLANG_ANALYZER_NUMBER_OBJECT_CONVERSION = YES_AGGRESSIVE;
				CLANG_CXX_LANGUAGE_STANDARD = "gnu++14";
				CLANG_CXX_LIBRARY = "libc++";
				CLANG_ENABLE_MODULES = YES;
				CLANG_ENABLE_OBJC_ARC = YES;
				CLANG_ENABLE_OBJC_WEAK = YES;
				CLANG_WARN_BLOCK_CAPTURE_AUTORELEASING = YES;
				CLANG_WARN_BOOL_CONVERSION = YES;
				CLANG_WARN_COMMA = YES;
				CLANG_WARN_CONSTANT_CONVERSION = YES;
				CLANG_WARN_DEPRECATED_OBJC_IMPLEMENTATIONS = YES;
				CLANG_WARN_DIRECT_OBJC_ISA_USAGE = YES_ERROR;
				CLANG_WARN_DOCUMENTATION_COMMENTS = YES;
				CLANG_WARN_EMPTY_BODY = YES;
				CLANG_WARN_ENUM_CONVERSION = YES;
				CLANG_WARN_INFINITE_RECURSION = YES;
				CLANG_WARN_INT_CONVERSION = YES;
				CLANG_WARN_NON_LITERAL_NULL_CONVERSION = YES;
				CLANG_WARN_OBJC_IMPLICIT_RETAIN_SELF = YES;
				CLANG_WARN_OBJC_LITERAL_CONVERSION = YES;
				CLANG_WARN_OBJC_ROOT_CLASS = YES_ERROR;
				CLANG_WARN_RANGE_LOOP_ANALYSIS = YES;
				CLANG_WARN_STRICT_PROTOTYPES = YES;
				CLANG_WARN_SUSPICIOUS_MOVE = YES;
				CLANG_WARN_UNGUARDED_AVAILABILITY = YES_AGGRESSIVE;
				CLANG_WARN_UNREACHABLE_CODE = YES;
				CLANG_WARN__DUPLICATE_METHOD_MATCH = YES;
				CODE_SIGN_IDENTITY = "iPhone Developer";
				COPY_PHASE_STRIP = NO;
				DEBUG_INFORMATION_FORMAT = "dwarf-with-dsym";
				ENABLE_NS_ASSERTIONS = NO;
				ENABLE_STRICT_OBJC_MSGSEND = YES;
				GCC_C_LANGUAGE_STANDARD = gnu11;
				GCC_NO_COMMON_BLOCKS = YES;
				GCC_WARN_64_TO_32_BIT_CONVERSION = YES;
				GCC_WARN_ABOUT_RETURN_TYPE = YES_ERROR;
				GCC_WARN_UNDECLARED_SELECTOR = YES;
				GCC_WARN_UNINITIALIZED_AUTOS = YES_AGGRESSIVE;
				GCC_WARN_UNUSED_FUNCTION = YES;
				GCC_WARN_UNUSED_VARIABLE = YES;
				IPHONEOS_DEPLOYMENT_TARGET = 12.1;
				MTL_ENABLE_DEBUG_INFO = NO;
				MTL_FAST_MATH = YES;
				SDKROOT = iphoneos;
				SWIFT_COMPILATION_MODE = wholemodule;
				SWIFT_OPTIMIZATION_LEVEL = "-O";
				VALIDATE_PRODUCT = YES;
			};
			name = Release;
		};
		71957FFD21E60447007B33B0 /* Debug */ = {
			isa = XCBuildConfiguration;
			buildSettings = {
				ASSETCATALOG_COMPILER_APPICON_NAME = AppIcon;
				CODE_SIGN_STYLE = Automatic;
				DEVELOPMENT_TEAM = HZA79NQ8N6;
				INFOPLIST_FILE = Prepopulate/Info.plist;
				LD_RUNPATH_SEARCH_PATHS = (
					"$(inherited)",
					"@executable_path/Frameworks",
				);
				PRODUCT_BUNDLE_IDENTIFIER = es.fluffy.Prepopulate;
				PRODUCT_NAME = "$(TARGET_NAME)";
				SWIFT_VERSION = 4.2;
				TARGETED_DEVICE_FAMILY = "1,2";
			};
			name = Debug;
		};
		71957FFE21E60447007B33B0 /* Release */ = {
			isa = XCBuildConfiguration;
			buildSettings = {
				ASSETCATALOG_COMPILER_APPICON_NAME = AppIcon;
				CODE_SIGN_STYLE = Automatic;
				DEVELOPMENT_TEAM = HZA79NQ8N6;
				INFOPLIST_FILE = Prepopulate/Info.plist;
				LD_RUNPATH_SEARCH_PATHS = (
					"$(inherited)",
					"@executable_path/Frameworks",
				);
				PRODUCT_BUNDLE_IDENTIFIER = es.fluffy.Prepopulate;
				PRODUCT_NAME = "$(TARGET_NAME)";
				SWIFT_VERSION = 4.2;
				TARGETED_DEVICE_FAMILY = "1,2";
			};
			name = Release;
		};
/* End XCBuildConfiguration section */

/* Begin XCConfigurationList section */
		71957FE221E60446007B33B0 /* Build configuration list for PBXProject "Prepopulate" */ = {
			isa = XCConfigurationList;
			buildConfigurations = (
				71957FFA21E60447007B33B0 /* Debug */,
				71957FFB21E60447007B33B0 /* Release */,
			);
			defaultConfigurationIsVisible = 0;
			defaultConfigurationName = Release;
		};
		71957FFC21E60447007B33B0 /* Build configuration list for PBXNativeTarget "Prepopulate" */ = {
			isa = XCConfigurationList;
			buildConfigurations = (
				71957FFD21E60447007B33B0 /* Debug */,
				71957FFE21E60447007B33B0 /* Release */,
			);
			defaultConfigurationIsVisible = 0;
			defaultConfigurationName = Release;
		};
/* End XCConfigurationList section */

/* Begin XCVersionGroup section */
		71957FF121E60446007B33B0 /* Prepopulate.xcdatamodeld */ = {
			isa = XCVersionGroup;
			children = (
				71957FF221E60446007B33B0 /* Prepopulate.xcdatamodel */,
			);
			currentVersion = 71957FF221E60446007B33B0 /* Prepopulate.xcdatamodel */;
			path = Prepopulate.xcdatamodeld;
			sourceTree = "<group>";
			versionGroupType = wrapper.xcdatamodel;
		};
/* End XCVersionGroup section */
	};
	rootObject = 71957FDF21E60446007B33B0 /* Project object */;
}
